// !$*UTF8*$!
{
	archiveVersion = 1;
	classes = {
	};
	objectVersion = 50;
	objects = {

/* Begin PBXBuildFile section */
		5E451B2E2184F81A008F3F5D /* AppDelegate.swift in Sources */ = {isa = PBXBuildFile; fileRef = 5E451B2D2184F81A008F3F5D /* AppDelegate.swift */; };
		5E451B302184F81A008F3F5D /* ViewController.swift in Sources */ = {isa = PBXBuildFile; fileRef = 5E451B2F2184F81A008F3F5D /* ViewController.swift */; };
		5E451B332184F81A008F3F5D /* Main.storyboard in Resources */ = {isa = PBXBuildFile; fileRef = 5E451B312184F81A008F3F5D /* Main.storyboard */; };
		5E451B352184F81B008F3F5D /* Assets.xcassets in Resources */ = {isa = PBXBuildFile; fileRef = 5E451B342184F81B008F3F5D /* Assets.xcassets */; };
		5E451B382184F81B008F3F5D /* LaunchScreen.storyboard in Resources */ = {isa = PBXBuildFile; fileRef = 5E451B362184F81B008F3F5D /* LaunchScreen.storyboard */; };
		5E451B402184F8F1008F3F5D /* KindleKit.framework in Frameworks */ = {isa = PBXBuildFile; fileRef = 5E451B3F2184F8F1008F3F5D /* KindleKit.framework */; };
		5E451B412184F8F1008F3F5D /* KindleKit.framework in Embed Frameworks */ = {isa = PBXBuildFile; fileRef = 5E451B3F2184F8F1008F3F5D /* KindleKit.framework */; settings = {ATTRIBUTES = (CodeSignOnCopy, RemoveHeadersOnCopy, ); }; };
		5E451B452184F95C008F3F5D /* SampleCSV.swift in Sources */ = {isa = PBXBuildFile; fileRef = 5E451B442184F95C008F3F5D /* SampleCSV.swift */; };
/* End PBXBuildFile section */

/* Begin PBXCopyFilesBuildPhase section */
		5E451B422184F8F1008F3F5D /* Embed Frameworks */ = {
			isa = PBXCopyFilesBuildPhase;
			buildActionMask = 2147483647;
			dstPath = "";
			dstSubfolderSpec = 10;
			files = (
				5E451B412184F8F1008F3F5D /* KindleKit.framework in Embed Frameworks */,
			);
			name = "Embed Frameworks";
			runOnlyForDeploymentPostprocessing = 0;
		};
/* End PBXCopyFilesBuildPhase section */

/* Begin PBXFileReference section */
		5E451B2A2184F81A008F3F5D /* KindleKitExample.app */ = {isa = PBXFileReference; explicitFileType = wrapper.application; includeInIndex = 0; path = KindleKitExample.app; sourceTree = BUILT_PRODUCTS_DIR; };
		5E451B2D2184F81A008F3F5D /* AppDelegate.swift */ = {isa = PBXFileReference; lastKnownFileType = sourcecode.swift; path = AppDelegate.swift; sourceTree = "<group>"; };
		5E451B2F2184F81A008F3F5D /* ViewController.swift */ = {isa = PBXFileReference; lastKnownFileType = sourcecode.swift; path = ViewController.swift; sourceTree = "<group>"; };
		5E451B322184F81A008F3F5D /* Base */ = {isa = PBXFileReference; lastKnownFileType = file.storyboard; name = Base; path = Base.lproj/Main.storyboard; sourceTree = "<group>"; };
		5E451B342184F81B008F3F5D /* Assets.xcassets */ = {isa = PBXFileReference; lastKnownFileType = folder.assetcatalog; path = Assets.xcassets; sourceTree = "<group>"; };
		5E451B372184F81B008F3F5D /* Base */ = {isa = PBXFileReference; lastKnownFileType = file.storyboard; name = Base; path = Base.lproj/LaunchScreen.storyboard; sourceTree = "<group>"; };
		5E451B392184F81B008F3F5D /* Info.plist */ = {isa = PBXFileReference; lastKnownFileType = text.plist.xml; path = Info.plist; sourceTree = "<group>"; };
		5E451B3F2184F8F1008F3F5D /* KindleKit.framework */ = {isa = PBXFileReference; explicitFileType = wrapper.framework; path = KindleKit.framework; sourceTree = BUILT_PRODUCTS_DIR; };
		5E451B442184F95C008F3F5D /* SampleCSV.swift */ = {isa = PBXFileReference; fileEncoding = 4; lastKnownFileType = sourcecode.swift; path = SampleCSV.swift; sourceTree = "<group>"; };
/* End PBXFileReference section */

/* Begin PBXFrameworksBuildPhase section */
		5E451B272184F81A008F3F5D /* Frameworks */ = {
			isa = PBXFrameworksBuildPhase;
			buildActionMask = 2147483647;
			files = (
				5E451B402184F8F1008F3F5D /* KindleKit.framework in Frameworks */,
			);
			runOnlyForDeploymentPostprocessing = 0;
		};
/* End PBXFrameworksBuildPhase section */

/* Begin PBXGroup section */
		5E451B212184F81A008F3F5D = {
			isa = PBXGroup;
			children = (
				5E451B2C2184F81A008F3F5D /* KindleKitExample */,
				5E451B432184F8F8008F3F5D /* Frameworks */,
				5E451B2B2184F81A008F3F5D /* Products */,
			);
			sourceTree = "<group>";
		};
		5E451B2B2184F81A008F3F5D /* Products */ = {
			isa = PBXGroup;
			children = (
				5E451B2A2184F81A008F3F5D /* KindleKitExample.app */,
			);
			name = Products;
			sourceTree = "<group>";
		};
		5E451B2C2184F81A008F3F5D /* KindleKitExample */ = {
			isa = PBXGroup;
			children = (
				5E451B2D2184F81A008F3F5D /* AppDelegate.swift */,
				5E451B2F2184F81A008F3F5D /* ViewController.swift */,
				5E451B442184F95C008F3F5D /* SampleCSV.swift */,
				5E451B312184F81A008F3F5D /* Main.storyboard */,
				5E451B342184F81B008F3F5D /* Assets.xcassets */,
				5E451B362184F81B008F3F5D /* LaunchScreen.storyboard */,
				5E451B392184F81B008F3F5D /* Info.plist */,
			);
			path = KindleKitExample;
			sourceTree = "<group>";
		};
		5E451B432184F8F8008F3F5D /* Frameworks */ = {
			isa = PBXGroup;
			children = (
				5E451B3F2184F8F1008F3F5D /* KindleKit.framework */,
			);
			path = Frameworks;
			sourceTree = "<group>";
		};
/* End PBXGroup section */

/* Begin PBXNativeTarget section */
		5E451B292184F81A008F3F5D /* KindleKitExample */ = {
			isa = PBXNativeTarget;
			buildConfigurationList = 5E451B3C2184F81B008F3F5D /* Build configuration list for PBXNativeTarget "KindleKitExample" */;
			buildPhases = (
				5E451B262184F81A008F3F5D /* Sources */,
				5E451B272184F81A008F3F5D /* Frameworks */,
				5E451B282184F81A008F3F5D /* Resources */,
				5E451B422184F8F1008F3F5D /* Embed Frameworks */,
			);
			buildRules = (
			);
			dependencies = (
			);
			name = KindleKitExample;
			productName = KindleKitExample;
			productReference = 5E451B2A2184F81A008F3F5D /* KindleKitExample.app */;
			productType = "com.apple.product-type.application";
		};
/* End PBXNativeTarget section */

/* Begin PBXProject section */
		5E451B222184F81A008F3F5D /* Project object */ = {
			isa = PBXProject;
			attributes = {
				LastSwiftUpdateCheck = 1000;
				LastUpgradeCheck = 1000;
				ORGANIZATIONNAME = "Stoyan Stoyanov";
				TargetAttributes = {
					5E451B292184F81A008F3F5D = {
						CreatedOnToolsVersion = 10.0;
					};
				};
			};
			buildConfigurationList = 5E451B252184F81A008F3F5D /* Build configuration list for PBXProject "KindleKitExample" */;
			compatibilityVersion = "Xcode 9.3";
			developmentRegion = en;
			hasScannedForEncodings = 0;
			knownRegions = (
				en,
				Base,
			);
			mainGroup = 5E451B212184F81A008F3F5D;
			productRefGroup = 5E451B2B2184F81A008F3F5D /* Products */;
			projectDirPath = "";
			projectRoot = "";
			targets = (
				5E451B292184F81A008F3F5D /* KindleKitExample */,
			);
		};
/* End PBXProject section */

/* Begin PBXResourcesBuildPhase section */
		5E451B282184F81A008F3F5D /* Resources */ = {
			isa = PBXResourcesBuildPhase;
			buildActionMask = 2147483647;
			files = (
				5E451B382184F81B008F3F5D /* LaunchScreen.storyboard in Resources */,
				5E451B352184F81B008F3F5D /* Assets.xcassets in Resources */,
				5E451B332184F81A008F3F5D /* Main.storyboard in Resources */,
			);
			runOnlyForDeploymentPostprocessing = 0;
		};
/* End PBXResourcesBuildPhase section */

/* Begin PBXSourcesBuildPhase section */
		5E451B262184F81A008F3F5D /* Sources */ = {
			isa = PBXSourcesBuildPhase;
			buildActionMask = 2147483647;
			files = (
				5E451B302184F81A008F3F5D /* ViewController.swift in Sources */,
				5E451B452184F95C008F3F5D /* SampleCSV.swift in Sources */,
				5E451B2E2184F81A008F3F5D /* AppDelegate.swift in Sources */,
			);
			runOnlyForDeploymentPostprocessing = 0;
		};
/* End PBXSourcesBuildPhase section */

/* Begin PBXVariantGroup section */
		5E451B312184F81A008F3F5D /* Main.storyboard */ = {
			isa = PBXVariantGroup;
			children = (
				5E451B322184F81A008F3F5D /* Base */,
			);
			name = Main.storyboard;
			sourceTree = "<group>";
		};
		5E451B362184F81B008F3F5D /* LaunchScreen.storyboard */ = {
			isa = PBXVariantGroup;
			children = (
				5E451B372184F81B008F3F5D /* Base */,
			);
			name = LaunchScreen.storyboard;
			sourceTree = "<group>";
		};
/* End PBXVariantGroup section */

/* Begin XCBuildConfiguration section */
		5E451B3A2184F81B008F3F5D /* Debug */ = {
			isa = XCBuildConfiguration;
			buildSettings = {
				ALWAYS_SEARCH_USER_PATHS = NO;
				CLANG_ANALYZER_NONNULL = YES;
				CLANG_ANALYZER_NUMBER_OBJECT_CONVERSION = YES_AGGRESSIVE;
				CLANG_CXX_LANGUAGE_STANDARD = "gnu++14";
				CLANG_CXX_LIBRARY = "libc++";
				CLANG_ENABLE_MODULES = YES;
				CLANG_ENABLE_OBJC_ARC = YES;
				CLANG_ENABLE_OBJC_WEAK = YES;
				CLANG_WARN_BLOCK_CAPTURE_AUTORELEASING = YES;
				CLANG_WARN_BOOL_CONVERSION = YES;
				CLANG_WARN_COMMA = YES;
				CLANG_WARN_CONSTANT_CONVERSION = YES;
				CLANG_WARN_DEPRECATED_OBJC_IMPLEMENTATIONS = YES;
				CLANG_WARN_DIRECT_OBJC_ISA_USAGE = YES_ERROR;
				CLANG_WARN_DOCUMENTATION_COMMENTS = YES;
				CLANG_WARN_EMPTY_BODY = YES;
				CLANG_WARN_ENUM_CONVERSION = YES;
				CLANG_WARN_INFINITE_RECURSION = YES;
				CLANG_WARN_INT_CONVERSION = YES;
				CLANG_WARN_NON_LITERAL_NULL_CONVERSION = YES;
				CLANG_WARN_OBJC_IMPLICIT_RETAIN_SELF = YES;
				CLANG_WARN_OBJC_LITERAL_CONVERSION = YES;
				CLANG_WARN_OBJC_ROOT_CLASS = YES_ERROR;
				CLANG_WARN_RANGE_LOOP_ANALYSIS = YES;
				CLANG_WARN_STRICT_PROTOTYPES = YES;
				CLANG_WARN_SUSPICIOUS_MOVE = YES;
				CLANG_WARN_UNGUARDED_AVAILABILITY = YES_AGGRESSIVE;
				CLANG_WARN_UNREACHABLE_CODE = YES;
				CLANG_WARN__DUPLICATE_METHOD_MATCH = YES;
				CODE_SIGN_IDENTITY = "iPhone Developer";
				COPY_PHASE_STRIP = NO;
				DEBUG_INFORMATION_FORMAT = dwarf;
				ENABLE_STRICT_OBJC_MSGSEND = YES;
				ENABLE_TESTABILITY = YES;
				GCC_C_LANGUAGE_STANDARD = gnu11;
				GCC_DYNAMIC_NO_PIC = NO;
				GCC_NO_COMMON_BLOCKS = YES;
				GCC_OPTIMIZATION_LEVEL = 0;
				GCC_PREPROCESSOR_DEFINITIONS = (
					"DEBUG=1",
					"$(inherited)",
				);
				GCC_WARN_64_TO_32_BIT_CONVERSION = YES;
				GCC_WARN_ABOUT_RETURN_TYPE = YES_ERROR;
				GCC_WARN_UNDECLARED_SELECTOR = YES;
				GCC_WARN_UNINITIALIZED_AUTOS = YES_AGGRESSIVE;
				GCC_WARN_UNUSED_FUNCTION = YES;
				GCC_WARN_UNUSED_VARIABLE = YES;
				IPHONEOS_DEPLOYMENT_TARGET = 12.0;
				MTL_ENABLE_DEBUG_INFO = INCLUDE_SOURCE;
				MTL_FAST_MATH = YES;
				ONLY_ACTIVE_ARCH = YES;
				SDKROOT = iphoneos;
				SWIFT_ACTIVE_COMPILATION_CONDITIONS = DEBUG;
				SWIFT_OPTIMIZATION_LEVEL = "-Onone";
			};
			name = Debug;
		};
		5E451B3B2184F81B008F3F5D /* Release */ = {
			isa = XCBuildConfiguration;
			buildSettings = {
				ALWAYS_SEARCH_USER_PATHS = NO;
				CLANG_ANALYZER_NONNULL = YES;
				CLANG_ANALYZER_NUMBER_OBJECT_CONVERSION = YES_AGGRESSIVE;
				CLANG_CXX_LANGUAGE_STANDARD = "gnu++14";
				CLANG_CXX_LIBRARY = "libc++";
				CLANG_ENABLE_MODULES = YES;
				CLANG_ENABLE_OBJC_ARC = YES;
				CLANG_ENABLE_OBJC_WEAK = YES;
				CLANG_WARN_BLOCK_CAPTURE_AUTORELEASING = YES;
				CLANG_WARN_BOOL_CONVERSION = YES;
				CLANG_WARN_COMMA = YES;
				CLANG_WARN_CONSTANT_CONVERSION = YES;
				CLANG_WARN_DEPRECATED_OBJC_IMPLEMENTATIONS = YES;
				CLANG_WARN_DIRECT_OBJC_ISA_USAGE = YES_ERROR;
				CLANG_WARN_DOCUMENTATION_COMMENTS = YES;
				CLANG_WARN_EMPTY_BODY = YES;
				CLANG_WARN_ENUM_CONVERSION = YES;
				CLANG_WARN_INFINITE_RECURSION = YES;
				CLANG_WARN_INT_CONVERSION = YES;
				CLANG_WARN_NON_LITERAL_NULL_CONVERSION = YES;
				CLANG_WARN_OBJC_IMPLICIT_RETAIN_SELF = YES;
				CLANG_WARN_OBJC_LITERAL_CONVERSION = YES;
				CLANG_WARN_OBJC_ROOT_CLASS = YES_ERROR;
				CLANG_WARN_RANGE_LOOP_ANALYSIS = YES;
				CLANG_WARN_STRICT_PROTOTYPES = YES;
				CLANG_WARN_SUSPICIOUS_MOVE = YES;
				CLANG_WARN_UNGUARDED_AVAILABILITY = YES_AGGRESSIVE;
				CLANG_WARN_UNREACHABLE_CODE = YES;
				CLANG_WARN__DUPLICATE_METHOD_MATCH = YES;
				CODE_SIGN_IDENTITY = "iPhone Developer";
				COPY_PHASE_STRIP = NO;
				DEBUG_INFORMATION_FORMAT = "dwarf-with-dsym";
				ENABLE_NS_ASSERTIONS = NO;
				ENABLE_STRICT_OBJC_MSGSEND = YES;
				GCC_C_LANGUAGE_STANDARD = gnu11;
				GCC_NO_COMMON_BLOCKS = YES;
				GCC_WARN_64_TO_32_BIT_CONVERSION = YES;
				GCC_WARN_ABOUT_RETURN_TYPE = YES_ERROR;
				GCC_WARN_UNDECLARED_SELECTOR = YES;
				GCC_WARN_UNINITIALIZED_AUTOS = YES_AGGRESSIVE;
				GCC_WARN_UNUSED_FUNCTION = YES;
				GCC_WARN_UNUSED_VARIABLE = YES;
				IPHONEOS_DEPLOYMENT_TARGET = 12.0;
				MTL_ENABLE_DEBUG_INFO = NO;
				MTL_FAST_MATH = YES;
				SDKROOT = iphoneos;
				SWIFT_COMPILATION_MODE = wholemodule;
				SWIFT_OPTIMIZATION_LEVEL = "-O";
				VALIDATE_PRODUCT = YES;
			};
			name = Release;
		};
		5E451B3D2184F81B008F3F5D /* Debug */ = {
			isa = XCBuildConfiguration;
			buildSettings = {
				ASSETCATALOG_COMPILER_APPICON_NAME = AppIcon;
				CODE_SIGN_STYLE = Automatic;
				DEVELOPMENT_TEAM = PPF77J63K7;
				INFOPLIST_FILE = KindleKitExample/Info.plist;
				LD_RUNPATH_SEARCH_PATHS = (
					"$(inherited)",
					"@executable_path/Frameworks",
				);
				PRODUCT_BUNDLE_IDENTIFIER = "me.stoyan-stoyanov.KindleKitExample";
				PRODUCT_NAME = "$(TARGET_NAME)";
				SWIFT_VERSION = 4.2;
				TARGETED_DEVICE_FAMILY = "1,2";
			};
			name = Debug;
		};
		5E451B3E2184F81B008F3F5D /* Release */ = {
			isa = XCBuildConfiguration;
			buildSettings = {
				ASSETCATALOG_COMPILER_APPICON_NAME = AppIcon;
				CODE_SIGN_STYLE = Automatic;
				DEVELOPMENT_TEAM = PPF77J63K7;
				INFOPLIST_FILE = KindleKitExample/Info.plist;
				LD_RUNPATH_SEARCH_PATHS = (
					"$(inherited)",
					"@executable_path/Frameworks",
				);
				PRODUCT_BUNDLE_IDENTIFIER = "me.stoyan-stoyanov.KindleKitExample";
				PRODUCT_NAME = "$(TARGET_NAME)";
				SWIFT_VERSION = 4.2;
				TARGETED_DEVICE_FAMILY = "1,2";
			};
			name = Release;
		};
/* End XCBuildConfiguration section */

/* Begin XCConfigurationList section */
		5E451B252184F81A008F3F5D /* Build configuration list for PBXProject "KindleKitExample" */ = {
			isa = XCConfigurationList;
			buildConfigurations = (
				5E451B3A2184F81B008F3F5D /* Debug */,
				5E451B3B2184F81B008F3F5D /* Release */,
			);
			defaultConfigurationIsVisible = 0;
			defaultConfigurationName = Release;
		};
		5E451B3C2184F81B008F3F5D /* Build configuration list for PBXNativeTarget "KindleKitExample" */ = {
			isa = XCConfigurationList;
			buildConfigurations = (
				5E451B3D2184F81B008F3F5D /* Debug */,
				5E451B3E2184F81B008F3F5D /* Release */,
			);
			defaultConfigurationIsVisible = 0;
			defaultConfigurationName = Release;
		};
/* End XCConfigurationList section */
	};
	rootObject = 5E451B222184F81A008F3F5D /* Project object */;
}
